
Microsoft Visual Studio Solution File, Format Version 12.00
# Visual Studio Version 16
VisualStudioVersion = 16.0.30517.126
MinimumVisualStudioVersion = 10.0.40219.1
Project("{FAE04EC0-301F-11D3-BF4B-00C04F79EFBC}") = "Tarea3_Calculadora", "Tarea3_Calculadora\Tarea3_Calculadora.csproj", "{94D25234-A6AC-47B4-8C49-0629206258EB}"
EndProject
Global
	GlobalSection(SolutionConfigurationPlatforms) = preSolution
		Debug|Any CPU = Debug|Any CPU
		Release|Any CPU = Release|Any CPU
	EndGlobalSection
	GlobalSection(ProjectConfigurationPlatforms) = postSolution
		{94D25234-A6AC-47B4-8C49-0629206258EB}.Debug|Any CPU.ActiveCfg = Debug|Any CPU
		{94D25234-A6AC-47B4-8C49-0629206258EB}.Debug|Any CPU.Build.0 = Debug|Any CPU
		{94D25234-A6AC-47B4-8C49-0629206258EB}.Release|Any CPU.ActiveCfg = Release|Any CPU
		{94D25234-A6AC-47B4-8C49-0629206258EB}.Release|Any CPU.Build.0 = Release|Any CPU
	EndGlobalSection
	GlobalSection(SolutionProperties) = preSolution
		HideSolutionNode = FALSE
	EndGlobalSection
	GlobalSection(ExtensibilityGlobals) = postSolution
		SolutionGuid = {B97F0E11-7F1E-485F-ACC1-E3CA7A3E5E67}
	EndGlobalSection
EndGlobal
